
Microsoft Visual Studio Solution File, Format Version 12.00
# Visual Studio Version 16
VisualStudioVersion = 16.0.30907.101
MinimumVisualStudioVersion = 10.0.40219.1
Project("{FAE04EC0-301F-11D3-BF4B-00C04F79EFBC}") = "CoreCrud", "CoreCrud\CoreCrud.csproj", "{8FB5F154-6B93-4453-8B77-572EDF9E010F}"
EndProject
Global
	GlobalSection(SolutionConfigurationPlatforms) = preSolution
		Debug|Any CPU = Debug|Any CPU
		Release|Any CPU = Release|Any CPU
	EndGlobalSection
	GlobalSection(ProjectConfigurationPlatforms) = postSolution
		{8FB5F154-6B93-4453-8B77-572EDF9E010F}.Debug|Any CPU.ActiveCfg = Debug|Any CPU
		{8FB5F154-6B93-4453-8B77-572EDF9E010F}.Debug|Any CPU.Build.0 = Debug|Any CPU
		{8FB5F154-6B93-4453-8B77-572EDF9E010F}.Release|Any CPU.ActiveCfg = Release|Any CPU
		{8FB5F154-6B93-4453-8B77-572EDF9E010F}.Release|Any CPU.Build.0 = Release|Any CPU
	EndGlobalSection
	GlobalSection(SolutionProperties) = preSolution
		HideSolutionNode = FALSE
	EndGlobalSection
	GlobalSection(ExtensibilityGlobals) = postSolution
		SolutionGuid = {DD695BD9-52CB-494A-8C4E-140CEE4A8854}
	EndGlobalSection
EndGlobal
